<?xml version="1.0" encoding="utf-8"?>
<Project ToolsVersion="4.0" xmlns="http://schemas.microsoft.com/developer/msbuild/2003">
  <ItemGroup>
    <Filter Include="源文件">
      <UniqueIdentifier>{4FC737F1-C7A5-4376-A066-2A32D752A2FF}</UniqueIdentifier>
      <Extensions>cpp;c;cc;cxx;def;odl;idl;hpj;bat;asm;asmx</Extensions>
    </Filter>
    <Filter Include="头文件">
      <UniqueIdentifier>{93995380-89BD-4b04-88EB-625FBE52EBFB}</UniqueIdentifier>
      <Extensions>h;hh;hpp;hxx;hm;inl;inc;xsd</Extensions>
    </Filter>
    <Filter Include="资源文件">
      <UniqueIdentifier>{67DA6AB6-F800-4c08-8B7A-83BB121AAD01}</UniqueIdentifier>
      <Extensions>rc;ico;cur;bmp;dlg;rc2;rct;bin;rgs;gif;jpg;jpeg;jpe;resx;tiff;tif;png;wav;mfcribbon-ms</Extensions>
    </Filter>
    <Filter Include="源文件\img">
      <UniqueIdentifier>{e3ad4bb8-6203-4385-8ee5-b6e0da615532}</UniqueIdentifier>
    </Filter>
    <Filter Include="源文件\xTinyGUI">
      <UniqueIdentifier>{f12ca95f-4a2c-4acf-b286-31f684f0d4bc}</UniqueIdentifier>
    </Filter>
    <Filter Include="头文件\XTinyGUI">
      <UniqueIdentifier>{bb47f9de-e989-445b-8cf6-960289e8f1b5}</UniqueIdentifier>
    </Filter>
    <Filter Include="头文件\nes">
      <UniqueIdentifier>{42445235-5acf-4466-abb8-7086f9a0b828}</UniqueIdentifier>
    </Filter>
    <Filter Include="源文件\nes">
      <UniqueIdentifier>{2e05589a-6c72-4fe2-a0db-327d369bccd1}</UniqueIdentifier>
    </Filter>
  </ItemGroup>
  <ItemGroup>
    <ClInclude Include="stdafx.h">
      <Filter>头文件</Filter>
    </ClInclude>
    <ClInclude Include="targetver.h">
      <Filter>头文件</Filter>
    </ClInclude>
    <ClInclude Include="z_malloc.h">
      <Filter>头文件</Filter>
    </ClInclude>
    <ClInclude Include="girl_bitmap.h">
      <Filter>源文件\img</Filter>
    </ClInclude>
    <ClInclude Include="NES_Simulator\6502.H">
      <Filter>头文件\nes</Filter>
    </ClInclude>
    <ClInclude Include="NES_Simulator\JoyPad.h">
      <Filter>头文件\nes</Filter>
    </ClInclude>
    <ClInclude Include="NES_Simulator\nes_datatype.h">
      <Filter>头文件\nes</Filter>
    </ClInclude>
    <ClInclude Include="NES_Simulator\nes_main.h">
      <Filter>头文件\nes</Filter>
    </ClInclude>
    <ClInclude Include="NES_Simulator\PPU.h">
      <Filter>头文件\nes</Filter>
    </ClInclude>
    <ClInclude Include="NES_Simulator\rom.h">
      <Filter>头文件\nes</Filter>
    </ClInclude>
    <ClInclude Include="png_img.h">
      <Filter>源文件\img</Filter>
    </ClInclude>
    <ClInclude Include="XTingGUI\bitmap.h">
      <Filter>头文件\XTinyGUI</Filter>
    </ClInclude>
    <ClInclude Include="XTingGUI\bitmap_widge.h">
      <Filter>头文件\XTinyGUI</Filter>
    </ClInclude>
    <ClInclude Include="XTingGUI\button_widge.h">
      <Filter>头文件\XTinyGUI</Filter>
    </ClInclude>
    <ClInclude Include="XTingGUI\check_box_widge.h">
      <Filter>头文件\XTinyGUI</Filter>
    </ClInclude>
    <ClInclude Include="XTingGUI\color.h">
      <Filter>头文件\XTinyGUI</Filter>
    </ClInclude>
    <ClInclude Include="XTingGUI\config.h">
      <Filter>头文件\XTinyGUI</Filter>
    </ClInclude>
    <ClInclude Include="XTingGUI\font.h">
      <Filter>头文件\XTinyGUI</Filter>
    </ClInclude>
    <ClInclude Include="XTingGUI\font_ASCII_8_12.h">
      <Filter>头文件\XTinyGUI</Filter>
    </ClInclude>
    <ClInclude Include="XTingGUI\font_ASCII_12_16.h">
      <Filter>头文件\XTinyGUI</Filter>
    </ClInclude>
    <ClInclude Include="XTingGUI\font_ASCII_16_16.h">
      <Filter>头文件\XTinyGUI</Filter>
    </ClInclude>
    <ClInclude Include="XTingGUI\font_ASCII_100_100.h">
      <Filter>头文件\XTinyGUI</Filter>
    </ClInclude>
    <ClInclude Include="XTingGUI\font_GB2312_16_16.h">
      <Filter>头文件\XTinyGUI</Filter>
    </ClInclude>
    <ClInclude Include="XTingGUI\font_UNICODE_16_16.h">
      <Filter>头文件\XTinyGUI</Filter>
    </ClInclude>
    <ClInclude Include="XTingGUI\group_widge.h">
      <Filter>头文件\XTinyGUI</Filter>
    </ClInclude>
    <ClInclude Include="XTingGUI\gui.h">
      <Filter>头文件\XTinyGUI</Filter>
    </ClInclude>
    <ClInclude Include="XTingGUI\list.h">
      <Filter>头文件\XTinyGUI</Filter>
    </ClInclude>
    <ClInclude Include="XTingGUI\list_widge.h">
      <Filter>头文件\XTinyGUI</Filter>
    </ClInclude>
    <ClInclude Include="XTingGUI\msg.h">
      <Filter>头文件\XTinyGUI</Filter>
    </ClInclude>
    <ClInclude Include="XTingGUI\paint.h">
      <Filter>头文件\XTinyGUI</Filter>
    </ClInclude>
    <ClInclude Include="XTingGUI\paint_cut.h">
      <Filter>头文件\XTinyGUI</Filter>
    </ClInclude>
    <ClInclude Include="XTingGUI\progress_widge.h">
      <Filter>头文件\XTinyGUI</Filter>
    </ClInclude>
    <ClInclude Include="XTingGUI\slide_widge.h">
      <Filter>头文件\XTinyGUI</Filter>
    </ClInclude>
    <ClInclude Include="XTingGUI\SqQueue.h">
      <Filter>头文件\XTinyGUI</Filter>
    </ClInclude>
    <ClInclude Include="XTingGUI\text_widge.h">
      <Filter>头文件\XTinyGUI</Filter>
    </ClInclude>
    <ClInclude Include="XTingGUI\tool.h">
      <Filter>头文件\XTinyGUI</Filter>
    </ClInclude>
    <ClInclude Include="XTingGUI\type.h">
      <Filter>头文件\XTinyGUI</Filter>
    </ClInclude>
    <ClInclude Include="XTingGUI\widge.h">
      <Filter>头文件\XTinyGUI</Filter>
    </ClInclude>
    <ClInclude Include="XTingGUI\widge_define.h">
      <Filter>头文件\XTinyGUI</Filter>
    </ClInclude>
    <ClInclude Include="XTingGUI\x_malloc.h">
      <Filter>头文件\XTinyGUI</Filter>
    </ClInclude>
    <ClInclude Include="XTingGUI\xwindows.h">
      <Filter>头文件\XTinyGUI</Filter>
    </ClInclude>
    <ClInclude Include="XTingGUI\xwindows_head.h">
      <Filter>头文件\XTinyGUI</Filter>
    </ClInclude>
  </ItemGroup>
  <ItemGroup>
    <ClCompile Include="stdafx.cpp">
      <Filter>源文件</Filter>
    </ClCompile>
    <ClCompile Include="z_malloc.c">
      <Filter>源文件</Filter>
    </ClCompile>
    <ClCompile Include="vs_draw.c">
      <Filter>源文件</Filter>
    </ClCompile>
    <ClCompile Include="NES_Simulator\6502.C">
      <Filter>源文件\nes</Filter>
    </ClCompile>
    <ClCompile Include="NES_Simulator\JoyPad.c">
      <Filter>源文件\nes</Filter>
    </ClCompile>
    <ClCompile Include="NES_Simulator\nes_main.c">
      <Filter>源文件\nes</Filter>
    </ClCompile>
    <ClCompile Include="NES_Simulator\PPU.c">
      <Filter>源文件\nes</Filter>
    </ClCompile>
    <ClCompile Include="NES_Simulator\ROM__MARIO.c">
      <Filter>源文件\nes</Filter>
    </ClCompile>
    <ClCompile Include="XTingGUI\bitmap.c">
      <Filter>源文件\xTinyGUI</Filter>
    </ClCompile>
    <ClCompile Include="XTingGUI\bitmap_widge.c">
      <Filter>源文件\xTinyGUI</Filter>
    </ClCompile>
    <ClCompile Include="XTingGUI\button_widge.c">
      <Filter>源文件\xTinyGUI</Filter>
    </ClCompile>
    <ClCompile Include="XTingGUI\check_box_widge.c">
      <Filter>源文件\xTinyGUI</Filter>
    </ClCompile>
    <ClCompile Include="XTingGUI\fonts.c">
      <Filter>源文件\xTinyGUI</Filter>
    </ClCompile>
    <ClCompile Include="XTingGUI\group_widge.c">
      <Filter>源文件\xTinyGUI</Filter>
    </ClCompile>
    <ClCompile Include="XTingGUI\gui.c">
      <Filter>源文件\xTinyGUI</Filter>
    </ClCompile>
    <ClCompile Include="XTingGUI\list.c">
      <Filter>源文件\xTinyGUI</Filter>
    </ClCompile>
    <ClCompile Include="XTingGUI\list_widge.c">
      <Filter>源文件\xTinyGUI</Filter>
    </ClCompile>
    <ClCompile Include="XTingGUI\msg.c">
      <Filter>源文件\xTinyGUI</Filter>
    </ClCompile>
    <ClCompile Include="XTingGUI\paint.c">
      <Filter>源文件\xTinyGUI</Filter>
    </ClCompile>
    <ClCompile Include="XTingGUI\paint_cut.c">
      <Filter>源文件\xTinyGUI</Filter>
    </ClCompile>
    <ClCompile Include="XTingGUI\progress_widge.c">
      <Filter>源文件\xTinyGUI</Filter>
    </ClCompile>
    <ClCompile Include="XTingGUI\slide_widge.c">
      <Filter>源文件\xTinyGUI</Filter>
    </ClCompile>
    <ClCompile Include="XTingGUI\SqQueue.c">
      <Filter>源文件\xTinyGUI</Filter>
    </ClCompile>
    <ClCompile Include="XTingGUI\text_widge.c">
      <Filter>源文件\xTinyGUI</Filter>
    </ClCompile>
    <ClCompile Include="XTingGUI\tool.c">
      <Filter>源文件\xTinyGUI</Filter>
    </ClCompile>
    <ClCompile Include="XTingGUI\widge.c">
      <Filter>源文件\xTinyGUI</Filter>
    </ClCompile>
    <ClCompile Include="XTingGUI\x_malloc.c">
      <Filter>源文件\xTinyGUI</Filter>
    </ClCompile>
    <ClCompile Include="XTingGUI\xwindows.c">
      <Filter>源文件\xTinyGUI</Filter>
    </ClCompile>
    <ClCompile Include="XTingGUI\xwindows_head.c">
      <Filter>源文件\xTinyGUI</Filter>
    </ClCompile>
  </ItemGroup>
</Project>